
Microsoft Visual Studio Solution File, Format Version 12.00
# Visual Studio 2013
VisualStudioVersion = 12.0.30501.0
MinimumVisualStudioVersion = 10.0.40219.1
Project("{FAE04EC0-301F-11D3-BF4B-00C04F79EFBC}") = "IEPProjekatPS120511", "IEPProjekatPS120511\IEPProjekatPS120511.csproj", "{4188CCB8-E3E0-476D-9E09-D56706E7301E}"
EndProject
Project("{2150E333-8FDC-42A3-9474-1A3956D46DE8}") = "PublishScripts", "PublishScripts", "{F71F2535-3FC2-402B-8F9F-5DF87F0B58D3}"
	ProjectSection(SolutionItems) = preProject
		PublishScripts\AzureWebsitePublishModule.psm1 = PublishScripts\AzureWebsitePublishModule.psm1
		PublishScripts\Publish-WebApplicationWebsite.ps1 = PublishScripts\Publish-WebApplicationWebsite.ps1
	EndProjectSection
EndProject
Project("{2150E333-8FDC-42A3-9474-1A3956D46DE8}") = "Configurations", "Configurations", "{1C4613AC-995D-4DD4-B895-880ACA054EE1}"
	ProjectSection(SolutionItems) = preProject
		PublishScripts\Configurations\IEPProjekatPS120511-WAWS-dev.json = PublishScripts\Configurations\IEPProjekatPS120511-WAWS-dev.json
	EndProjectSection
EndProject
Global
	GlobalSection(SolutionConfigurationPlatforms) = preSolution
		Debug|Any CPU = Debug|Any CPU
		Release|Any CPU = Release|Any CPU
	EndGlobalSection
	GlobalSection(ProjectConfigurationPlatforms) = postSolution
		{4188CCB8-E3E0-476D-9E09-D56706E7301E}.Debug|Any CPU.ActiveCfg = Debug|Any CPU
		{4188CCB8-E3E0-476D-9E09-D56706E7301E}.Debug|Any CPU.Build.0 = Debug|Any CPU
		{4188CCB8-E3E0-476D-9E09-D56706E7301E}.Release|Any CPU.ActiveCfg = Release|Any CPU
		{4188CCB8-E3E0-476D-9E09-D56706E7301E}.Release|Any CPU.Build.0 = Release|Any CPU
	EndGlobalSection
	GlobalSection(SolutionProperties) = preSolution
		HideSolutionNode = FALSE
	EndGlobalSection
	GlobalSection(NestedProjects) = preSolution
		{1C4613AC-995D-4DD4-B895-880ACA054EE1} = {F71F2535-3FC2-402B-8F9F-5DF87F0B58D3}
	EndGlobalSection
EndGlobal
